
Microsoft Visual Studio Solution File, Format Version 10.00
# Visual Studio 2008
Project("{FAE04EC0-301F-11D3-BF4B-00C04F79EFBC}") = "GLTService", "GLTService\GLTService.csproj", "{FE592D43-4643-49B7-8C4E-BAC1DE41B861}"
EndProject
Project("{FAE04EC0-301F-11D3-BF4B-00C04F79EFBC}") = "Galant.DataEntity", "Galant.DataEntity\Galant.DataEntity.csproj", "{BEA01CB6-2CDB-4841-A912-34344D1F7DAF}"
EndProject
Global
	GlobalSection(SolutionConfigurationPlatforms) = preSolution
		Debug|Any CPU = Debug|Any CPU
		Release|Any CPU = Release|Any CPU
	EndGlobalSection
	GlobalSection(ProjectConfigurationPlatforms) = postSolution
		{FE592D43-4643-49B7-8C4E-BAC1DE41B861}.Debug|Any CPU.ActiveCfg = Debug|Any CPU
		{FE592D43-4643-49B7-8C4E-BAC1DE41B861}.Debug|Any CPU.Build.0 = Debug|Any CPU
		{FE592D43-4643-49B7-8C4E-BAC1DE41B861}.Release|Any CPU.ActiveCfg = Release|Any CPU
		{FE592D43-4643-49B7-8C4E-BAC1DE41B861}.Release|Any CPU.Build.0 = Release|Any CPU
		{BEA01CB6-2CDB-4841-A912-34344D1F7DAF}.Debug|Any CPU.ActiveCfg = Debug|Any CPU
		{BEA01CB6-2CDB-4841-A912-34344D1F7DAF}.Debug|Any CPU.Build.0 = Debug|Any CPU
		{BEA01CB6-2CDB-4841-A912-34344D1F7DAF}.Release|Any CPU.ActiveCfg = Release|Any CPU
		{BEA01CB6-2CDB-4841-A912-34344D1F7DAF}.Release|Any CPU.Build.0 = Release|Any CPU
	EndGlobalSection
	GlobalSection(SolutionProperties) = preSolution
		HideSolutionNode = FALSE
	EndGlobalSection
EndGlobal
